
Microsoft Visual Studio Solution File, Format Version 12.00
# Visual Studio Version 16
VisualStudioVersion = 16.0.29503.13
MinimumVisualStudioVersion = 10.0.40219.1
Project("{9A19103F-16F7-4668-BE54-9A1E7A4F7556}") = "WebStore", "WebStore\WebStore.csproj", "{51A300E2-FDA1-4BE6-998F-329775FC6951}"
EndProject
Project("{9A19103F-16F7-4668-BE54-9A1E7A4F7556}") = "WebStore.Domain", "WebStore.Domain\WebStore.Domain.csproj", "{AF17796C-EF18-428B-A1B3-147894DDFE6C}"
EndProject
Project("{FAE04EC0-301F-11D3-BF4B-00C04F79EFBC}") = "WebStore.DAL", "WebStore.DAL\WebStore.DAL.csproj", "{78D4A447-CC77-4E93-81FF-6C96FC61C0C2}"
EndProject
Global
	GlobalSection(SolutionConfigurationPlatforms) = preSolution
		Debug|Any CPU = Debug|Any CPU
		Release|Any CPU = Release|Any CPU
	EndGlobalSection
	GlobalSection(ProjectConfigurationPlatforms) = postSolution
		{51A300E2-FDA1-4BE6-998F-329775FC6951}.Debug|Any CPU.ActiveCfg = Debug|Any CPU
		{51A300E2-FDA1-4BE6-998F-329775FC6951}.Debug|Any CPU.Build.0 = Debug|Any CPU
		{51A300E2-FDA1-4BE6-998F-329775FC6951}.Release|Any CPU.ActiveCfg = Release|Any CPU
		{51A300E2-FDA1-4BE6-998F-329775FC6951}.Release|Any CPU.Build.0 = Release|Any CPU
		{AF17796C-EF18-428B-A1B3-147894DDFE6C}.Debug|Any CPU.ActiveCfg = Debug|Any CPU
		{AF17796C-EF18-428B-A1B3-147894DDFE6C}.Debug|Any CPU.Build.0 = Debug|Any CPU
		{AF17796C-EF18-428B-A1B3-147894DDFE6C}.Release|Any CPU.ActiveCfg = Release|Any CPU
		{AF17796C-EF18-428B-A1B3-147894DDFE6C}.Release|Any CPU.Build.0 = Release|Any CPU
		{78D4A447-CC77-4E93-81FF-6C96FC61C0C2}.Debug|Any CPU.ActiveCfg = Debug|Any CPU
		{78D4A447-CC77-4E93-81FF-6C96FC61C0C2}.Debug|Any CPU.Build.0 = Debug|Any CPU
		{78D4A447-CC77-4E93-81FF-6C96FC61C0C2}.Release|Any CPU.ActiveCfg = Release|Any CPU
		{78D4A447-CC77-4E93-81FF-6C96FC61C0C2}.Release|Any CPU.Build.0 = Release|Any CPU
	EndGlobalSection
	GlobalSection(SolutionProperties) = preSolution
		HideSolutionNode = FALSE
	EndGlobalSection
	GlobalSection(ExtensibilityGlobals) = postSolution
		SolutionGuid = {3A6C9DB8-DE38-4174-9E92-AA00B4FD34ED}
	EndGlobalSection
EndGlobal
